// !$*UTF8*$!
{
	archiveVersion = 1;
	classes = {
	};
	objectVersion = 50;
	objects = {

/* Begin PBXBuildFile section */
		717CDE7B26C8BB3500306CBE /* MusicaApp.swift in Sources */ = {isa = PBXBuildFile; fileRef = 717CDE7A26C8BB3500306CBE /* MusicaApp.swift */; };
		717CDE7D26C8BB3500306CBE /* ContentView.swift in Sources */ = {isa = PBXBuildFile; fileRef = 717CDE7C26C8BB3500306CBE /* ContentView.swift */; };
		717CDE7F26C8BB3A00306CBE /* Assets.xcassets in Resources */ = {isa = PBXBuildFile; fileRef = 717CDE7E26C8BB3A00306CBE /* Assets.xcassets */; };
		717CDE8226C8BB3A00306CBE /* Preview Assets.xcassets in Resources */ = {isa = PBXBuildFile; fileRef = 717CDE8126C8BB3A00306CBE /* Preview Assets.xcassets */; };
		717CDE8D26C8BB3B00306CBE /* MusicaTests.swift in Sources */ = {isa = PBXBuildFile; fileRef = 717CDE8C26C8BB3B00306CBE /* MusicaTests.swift */; };
		717CDE9826C8BB3B00306CBE /* MusicaUITests.swift in Sources */ = {isa = PBXBuildFile; fileRef = 717CDE9726C8BB3B00306CBE /* MusicaUITests.swift */; };
/* End PBXBuildFile section */

/* Begin PBXContainerItemProxy section */
		717CDE8926C8BB3B00306CBE /* PBXContainerItemProxy */ = {
			isa = PBXContainerItemProxy;
			containerPortal = 717CDE6F26C8BB3500306CBE /* Project object */;
			proxyType = 1;
			remoteGlobalIDString = 717CDE7626C8BB3500306CBE;
			remoteInfo = Musica;
		};
		717CDE9426C8BB3B00306CBE /* PBXContainerItemProxy */ = {
			isa = PBXContainerItemProxy;
			containerPortal = 717CDE6F26C8BB3500306CBE /* Project object */;
			proxyType = 1;
			remoteGlobalIDString = 717CDE7626C8BB3500306CBE;
			remoteInfo = Musica;
		};
/* End PBXContainerItemProxy section */

/* Begin PBXFileReference section */
		717CDE7726C8BB3500306CBE /* Musica.app */ = {isa = PBXFileReference; explicitFileType = wrapper.application; includeInIndex = 0; path = Musica.app; sourceTree = BUILT_PRODUCTS_DIR; };
		717CDE7A26C8BB3500306CBE /* MusicaApp.swift */ = {isa = PBXFileReference; lastKnownFileType = sourcecode.swift; path = MusicaApp.swift; sourceTree = "<group>"; };
		717CDE7C26C8BB3500306CBE /* ContentView.swift */ = {isa = PBXFileReference; lastKnownFileType = sourcecode.swift; path = ContentView.swift; sourceTree = "<group>"; };
		717CDE7E26C8BB3A00306CBE /* Assets.xcassets */ = {isa = PBXFileReference; lastKnownFileType = folder.assetcatalog; path = Assets.xcassets; sourceTree = "<group>"; };
		717CDE8126C8BB3A00306CBE /* Preview Assets.xcassets */ = {isa = PBXFileReference; lastKnownFileType = folder.assetcatalog; path = "Preview Assets.xcassets"; sourceTree = "<group>"; };
		717CDE8326C8BB3A00306CBE /* Info.plist */ = {isa = PBXFileReference; lastKnownFileType = text.plist.xml; path = Info.plist; sourceTree = "<group>"; };
		717CDE8826C8BB3B00306CBE /* MusicaTests.xctest */ = {isa = PBXFileReference; explicitFileType = wrapper.cfbundle; includeInIndex = 0; path = MusicaTests.xctest; sourceTree = BUILT_PRODUCTS_DIR; };
		717CDE8C26C8BB3B00306CBE /* MusicaTests.swift */ = {isa = PBXFileReference; lastKnownFileType = sourcecode.swift; path = MusicaTests.swift; sourceTree = "<group>"; };
		717CDE8E26C8BB3B00306CBE /* Info.plist */ = {isa = PBXFileReference; lastKnownFileType = text.plist.xml; path = Info.plist; sourceTree = "<group>"; };
		717CDE9326C8BB3B00306CBE /* MusicaUITests.xctest */ = {isa = PBXFileReference; explicitFileType = wrapper.cfbundle; includeInIndex = 0; path = MusicaUITests.xctest; sourceTree = BUILT_PRODUCTS_DIR; };
		717CDE9726C8BB3B00306CBE /* MusicaUITests.swift */ = {isa = PBXFileReference; lastKnownFileType = sourcecode.swift; path = MusicaUITests.swift; sourceTree = "<group>"; };
		717CDE9926C8BB3B00306CBE /* Info.plist */ = {isa = PBXFileReference; lastKnownFileType = text.plist.xml; path = Info.plist; sourceTree = "<group>"; };
/* End PBXFileReference section */

/* Begin PBXFrameworksBuildPhase section */
		717CDE7426C8BB3500306CBE /* Frameworks */ = {
			isa = PBXFrameworksBuildPhase;
			buildActionMask = 2147483647;
			files = (
			);
			runOnlyForDeploymentPostprocessing = 0;
		};
		717CDE8526C8BB3B00306CBE /* Frameworks */ = {
			isa = PBXFrameworksBuildPhase;
			buildActionMask = 2147483647;
			files = (
			);
			runOnlyForDeploymentPostprocessing = 0;
		};
		717CDE9026C8BB3B00306CBE /* Frameworks */ = {
			isa = PBXFrameworksBuildPhase;
			buildActionMask = 2147483647;
			files = (
			);
			runOnlyForDeploymentPostprocessing = 0;
		};
/* End PBXFrameworksBuildPhase section */

/* Begin PBXGroup section */
		717CDE6E26C8BB3500306CBE = {
			isa = PBXGroup;
			children = (
				717CDE7926C8BB3500306CBE /* Musica */,
				717CDE8B26C8BB3B00306CBE /* MusicaTests */,
				717CDE9626C8BB3B00306CBE /* MusicaUITests */,
				717CDE7826C8BB3500306CBE /* Products */,
			);
			sourceTree = "<group>";
		};
		717CDE7826C8BB3500306CBE /* Products */ = {
			isa = PBXGroup;
			children = (
				717CDE7726C8BB3500306CBE /* Musica.app */,
				717CDE8826C8BB3B00306CBE /* MusicaTests.xctest */,
				717CDE9326C8BB3B00306CBE /* MusicaUITests.xctest */,
			);
			name = Products;
			sourceTree = "<group>";
		};
		717CDE7926C8BB3500306CBE /* Musica */ = {
			isa = PBXGroup;
			children = (
				717CDE7A26C8BB3500306CBE /* MusicaApp.swift */,
				717CDE7C26C8BB3500306CBE /* ContentView.swift */,
				717CDE7E26C8BB3A00306CBE /* Assets.xcassets */,
				717CDE8326C8BB3A00306CBE /* Info.plist */,
				717CDE8026C8BB3A00306CBE /* Preview Content */,
			);
			path = Musica;
			sourceTree = "<group>";
		};
		717CDE8026C8BB3A00306CBE /* Preview Content */ = {
			isa = PBXGroup;
			children = (
				717CDE8126C8BB3A00306CBE /* Preview Assets.xcassets */,
			);
			path = "Preview Content";
			sourceTree = "<group>";
		};
		717CDE8B26C8BB3B00306CBE /* MusicaTests */ = {
			isa = PBXGroup;
			children = (
				717CDE8C26C8BB3B00306CBE /* MusicaTests.swift */,
				717CDE8E26C8BB3B00306CBE /* Info.plist */,
			);
			path = MusicaTests;
			sourceTree = "<group>";
		};
		717CDE9626C8BB3B00306CBE /* MusicaUITests */ = {
			isa = PBXGroup;
			children = (
				717CDE9726C8BB3B00306CBE /* MusicaUITests.swift */,
				717CDE9926C8BB3B00306CBE /* Info.plist */,
			);
			path = MusicaUITests;
			sourceTree = "<group>";
		};
/* End PBXGroup section */

/* Begin PBXNativeTarget section */
		717CDE7626C8BB3500306CBE /* Musica */ = {
			isa = PBXNativeTarget;
			buildConfigurationList = 717CDE9C26C8BB3B00306CBE /* Build configuration list for PBXNativeTarget "Musica" */;
			buildPhases = (
				717CDE7326C8BB3500306CBE /* Sources */,
				717CDE7426C8BB3500306CBE /* Frameworks */,
				717CDE7526C8BB3500306CBE /* Resources */,
			);
			buildRules = (
			);
			dependencies = (
			);
			name = Musica;
			productName = Musica;
			productReference = 717CDE7726C8BB3500306CBE /* Musica.app */;
			productType = "com.apple.product-type.application";
		};
		717CDE8726C8BB3B00306CBE /* MusicaTests */ = {
			isa = PBXNativeTarget;
			buildConfigurationList = 717CDE9F26C8BB3B00306CBE /* Build configuration list for PBXNativeTarget "MusicaTests" */;
			buildPhases = (
				717CDE8426C8BB3B00306CBE /* Sources */,
				717CDE8526C8BB3B00306CBE /* Frameworks */,
				717CDE8626C8BB3B00306CBE /* Resources */,
			);
			buildRules = (
			);
			dependencies = (
				717CDE8A26C8BB3B00306CBE /* PBXTargetDependency */,
			);
			name = MusicaTests;
			productName = MusicaTests;
			productReference = 717CDE8826C8BB3B00306CBE /* MusicaTests.xctest */;
			productType = "com.apple.product-type.bundle.unit-test";
		};
		717CDE9226C8BB3B00306CBE /* MusicaUITests */ = {
			isa = PBXNativeTarget;
			buildConfigurationList = 717CDEA226C8BB3B00306CBE /* Build configuration list for PBXNativeTarget "MusicaUITests" */;
			buildPhases = (
				717CDE8F26C8BB3B00306CBE /* Sources */,
				717CDE9026C8BB3B00306CBE /* Frameworks */,
				717CDE9126C8BB3B00306CBE /* Resources */,
			);
			buildRules = (
			);
			dependencies = (
				717CDE9526C8BB3B00306CBE /* PBXTargetDependency */,
			);
			name = MusicaUITests;
			productName = MusicaUITests;
			productReference = 717CDE9326C8BB3B00306CBE /* MusicaUITests.xctest */;
			productType = "com.apple.product-type.bundle.ui-testing";
		};
/* End PBXNativeTarget section */

/* Begin PBXProject section */
		717CDE6F26C8BB3500306CBE /* Project object */ = {
			isa = PBXProject;
			attributes = {
				LastSwiftUpdateCheck = 1210;
				LastUpgradeCheck = 1210;
				TargetAttributes = {
					717CDE7626C8BB3500306CBE = {
						CreatedOnToolsVersion = 12.1;
					};
					717CDE8726C8BB3B00306CBE = {
						CreatedOnToolsVersion = 12.1;
						TestTargetID = 717CDE7626C8BB3500306CBE;
					};
					717CDE9226C8BB3B00306CBE = {
						CreatedOnToolsVersion = 12.1;
						TestTargetID = 717CDE7626C8BB3500306CBE;
					};
				};
			};
			buildConfigurationList = 717CDE7226C8BB3500306CBE /* Build configuration list for PBXProject "Musica" */;
			compatibilityVersion = "Xcode 9.3";
			developmentRegion = en;
			hasScannedForEncodings = 0;
			knownRegions = (
				en,
				Base,
			);
			mainGroup = 717CDE6E26C8BB3500306CBE;
			productRefGroup = 717CDE7826C8BB3500306CBE /* Products */;
			projectDirPath = "";
			projectRoot = "";
			targets = (
				717CDE7626C8BB3500306CBE /* Musica */,
				717CDE8726C8BB3B00306CBE /* MusicaTests */,
				717CDE9226C8BB3B00306CBE /* MusicaUITests */,
			);
		};
/* End PBXProject section */

/* Begin PBXResourcesBuildPhase section */
		717CDE7526C8BB3500306CBE /* Resources */ = {
			isa = PBXResourcesBuildPhase;
			buildActionMask = 2147483647;
			files = (
				717CDE8226C8BB3A00306CBE /* Preview Assets.xcassets in Resources */,
				717CDE7F26C8BB3A00306CBE /* Assets.xcassets in Resources */,
			);
			runOnlyForDeploymentPostprocessing = 0;
		};
		717CDE8626C8BB3B00306CBE /* Resources */ = {
			isa = PBXResourcesBuildPhase;
			buildActionMask = 2147483647;
			files = (
			);
			runOnlyForDeploymentPostprocessing = 0;
		};
		717CDE9126C8BB3B00306CBE /* Resources */ = {
			isa = PBXResourcesBuildPhase;
			buildActionMask = 2147483647;
			files = (
			);
			runOnlyForDeploymentPostprocessing = 0;
		};
/* End PBXResourcesBuildPhase section */

/* Begin PBXSourcesBuildPhase section */
		717CDE7326C8BB3500306CBE /* Sources */ = {
			isa = PBXSourcesBuildPhase;
			buildActionMask = 2147483647;
			files = (
				717CDE7D26C8BB3500306CBE /* ContentView.swift in Sources */,
				717CDE7B26C8BB3500306CBE /* MusicaApp.swift in Sources */,
			);
			runOnlyForDeploymentPostprocessing = 0;
		};
		717CDE8426C8BB3B00306CBE /* Sources */ = {
			isa = PBXSourcesBuildPhase;
			buildActionMask = 2147483647;
			files = (
				717CDE8D26C8BB3B00306CBE /* MusicaTests.swift in Sources */,
			);
			runOnlyForDeploymentPostprocessing = 0;
		};
		717CDE8F26C8BB3B00306CBE /* Sources */ = {
			isa = PBXSourcesBuildPhase;
			buildActionMask = 2147483647;
			files = (
				717CDE9826C8BB3B00306CBE /* MusicaUITests.swift in Sources */,
			);
			runOnlyForDeploymentPostprocessing = 0;
		};
/* End PBXSourcesBuildPhase section */

/* Begin PBXTargetDependency section */
		717CDE8A26C8BB3B00306CBE /* PBXTargetDependency */ = {
			isa = PBXTargetDependency;
			target = 717CDE7626C8BB3500306CBE /* Musica */;
			targetProxy = 717CDE8926C8BB3B00306CBE /* PBXContainerItemProxy */;
		};
		717CDE9526C8BB3B00306CBE /* PBXTargetDependency */ = {
			isa = PBXTargetDependency;
			target = 717CDE7626C8BB3500306CBE /* Musica */;
			targetProxy = 717CDE9426C8BB3B00306CBE /* PBXContainerItemProxy */;
		};
/* End PBXTargetDependency section */

/* Begin XCBuildConfiguration section */
		717CDE9A26C8BB3B00306CBE /* Debug */ = {
			isa = XCBuildConfiguration;
			buildSettings = {
				ALWAYS_SEARCH_USER_PATHS = NO;
				CLANG_ANALYZER_NONNULL = YES;
				CLANG_ANALYZER_NUMBER_OBJECT_CONVERSION = YES_AGGRESSIVE;
				CLANG_CXX_LANGUAGE_STANDARD = "gnu++14";
				CLANG_CXX_LIBRARY = "libc++";
				CLANG_ENABLE_MODULES = YES;
				CLANG_ENABLE_OBJC_ARC = YES;
				CLANG_ENABLE_OBJC_WEAK = YES;
				CLANG_WARN_BLOCK_CAPTURE_AUTORELEASING = YES;
				CLANG_WARN_BOOL_CONVERSION = YES;
				CLANG_WARN_COMMA = YES;
				CLANG_WARN_CONSTANT_CONVERSION = YES;
				CLANG_WARN_DEPRECATED_OBJC_IMPLEMENTATIONS = YES;
				CLANG_WARN_DIRECT_OBJC_ISA_USAGE = YES_ERROR;
				CLANG_WARN_DOCUMENTATION_COMMENTS = YES;
				CLANG_WARN_EMPTY_BODY = YES;
				CLANG_WARN_ENUM_CONVERSION = YES;
				CLANG_WARN_INFINITE_RECURSION = YES;
				CLANG_WARN_INT_CONVERSION = YES;
				CLANG_WARN_NON_LITERAL_NULL_CONVERSION = YES;
				CLANG_WARN_OBJC_IMPLICIT_RETAIN_SELF = YES;
				CLANG_WARN_OBJC_LITERAL_CONVERSION = YES;
				CLANG_WARN_OBJC_ROOT_CLASS = YES_ERROR;
				CLANG_WARN_QUOTED_INCLUDE_IN_FRAMEWORK_HEADER = YES;
				CLANG_WARN_RANGE_LOOP_ANALYSIS = YES;
				CLANG_WARN_STRICT_PROTOTYPES = YES;
				CLANG_WARN_SUSPICIOUS_MOVE = YES;
				CLANG_WARN_UNGUARDED_AVAILABILITY = YES_AGGRESSIVE;
				CLANG_WARN_UNREACHABLE_CODE = YES;
				CLANG_WARN__DUPLICATE_METHOD_MATCH = YES;
				COPY_PHASE_STRIP = NO;
				DEBUG_INFORMATION_FORMAT = dwarf;
				ENABLE_STRICT_OBJC_MSGSEND = YES;
				ENABLE_TESTABILITY = YES;
				GCC_C_LANGUAGE_STANDARD = gnu11;
				GCC_DYNAMIC_NO_PIC = NO;
				GCC_NO_COMMON_BLOCKS = YES;
				GCC_OPTIMIZATION_LEVEL = 0;
				GCC_PREPROCESSOR_DEFINITIONS = (
					"DEBUG=1",
					"$(inherited)",
				);
				GCC_WARN_64_TO_32_BIT_CONVERSION = YES;
				GCC_WARN_ABOUT_RETURN_TYPE = YES_ERROR;
				GCC_WARN_UNDECLARED_SELECTOR = YES;
				GCC_WARN_UNINITIALIZED_AUTOS = YES_AGGRESSIVE;
				GCC_WARN_UNUSED_FUNCTION = YES;
				GCC_WARN_UNUSED_VARIABLE = YES;
				IPHONEOS_DEPLOYMENT_TARGET = 14.1;
				MTL_ENABLE_DEBUG_INFO = INCLUDE_SOURCE;
				MTL_FAST_MATH = YES;
				ONLY_ACTIVE_ARCH = YES;
				SDKROOT = iphoneos;
				SWIFT_ACTIVE_COMPILATION_CONDITIONS = DEBUG;
				SWIFT_OPTIMIZATION_LEVEL = "-Onone";
			};
			name = Debug;
		};
		717CDE9B26C8BB3B00306CBE /* Release */ = {
			isa = XCBuildConfiguration;
			buildSettings = {
				ALWAYS_SEARCH_USER_PATHS = NO;
				CLANG_ANALYZER_NONNULL = YES;
				CLANG_ANALYZER_NUMBER_OBJECT_CONVERSION = YES_AGGRESSIVE;
				CLANG_CXX_LANGUAGE_STANDARD = "gnu++14";
				CLANG_CXX_LIBRARY = "libc++";
				CLANG_ENABLE_MODULES = YES;
				CLANG_ENABLE_OBJC_ARC = YES;
				CLANG_ENABLE_OBJC_WEAK = YES;
				CLANG_WARN_BLOCK_CAPTURE_AUTORELEASING = YES;
				CLANG_WARN_BOOL_CONVERSION = YES;
				CLANG_WARN_COMMA = YES;
				CLANG_WARN_CONSTANT_CONVERSION = YES;
				CLANG_WARN_DEPRECATED_OBJC_IMPLEMENTATIONS = YES;
				CLANG_WARN_DIRECT_OBJC_ISA_USAGE = YES_ERROR;
				CLANG_WARN_DOCUMENTATION_COMMENTS = YES;
				CLANG_WARN_EMPTY_BODY = YES;
				CLANG_WARN_ENUM_CONVERSION = YES;
				CLANG_WARN_INFINITE_RECURSION = YES;
				CLANG_WARN_INT_CONVERSION = YES;
				CLANG_WARN_NON_LITERAL_NULL_CONVERSION = YES;
				CLANG_WARN_OBJC_IMPLICIT_RETAIN_SELF = YES;
				CLANG_WARN_OBJC_LITERAL_CONVERSION = YES;
				CLANG_WARN_OBJC_ROOT_CLASS = YES_ERROR;
				CLANG_WARN_QUOTED_INCLUDE_IN_FRAMEWORK_HEADER = YES;
				CLANG_WARN_RANGE_LOOP_ANALYSIS = YES;
				CLANG_WARN_STRICT_PROTOTYPES = YES;
				CLANG_WARN_SUSPICIOUS_MOVE = YES;
				CLANG_WARN_UNGUARDED_AVAILABILITY = YES_AGGRESSIVE;
				CLANG_WARN_UNREACHABLE_CODE = YES;
				CLANG_WARN__DUPLICATE_METHOD_MATCH = YES;
				COPY_PHASE_STRIP = NO;
				DEBUG_INFORMATION_FORMAT = "dwarf-with-dsym";
				ENABLE_NS_ASSERTIONS = NO;
				ENABLE_STRICT_OBJC_MSGSEND = YES;
				GCC_C_LANGUAGE_STANDARD = gnu11;
				GCC_NO_COMMON_BLOCKS = YES;
				GCC_WARN_64_TO_32_BIT_CONVERSION = YES;
				GCC_WARN_ABOUT_RETURN_TYPE = YES_ERROR;
				GCC_WARN_UNDECLARED_SELECTOR = YES;
				GCC_WARN_UNINITIALIZED_AUTOS = YES_AGGRESSIVE;
				GCC_WARN_UNUSED_FUNCTION = YES;
				GCC_WARN_UNUSED_VARIABLE = YES;
				IPHONEOS_DEPLOYMENT_TARGET = 14.1;
				MTL_ENABLE_DEBUG_INFO = NO;
				MTL_FAST_MATH = YES;
				SDKROOT = iphoneos;
				SWIFT_COMPILATION_MODE = wholemodule;
				SWIFT_OPTIMIZATION_LEVEL = "-O";
				VALIDATE_PRODUCT = YES;
			};
			name = Release;
		};
		717CDE9D26C8BB3B00306CBE /* Debug */ = {
			isa = XCBuildConfiguration;
			buildSettings = {
				ASSETCATALOG_COMPILER_APPICON_NAME = AppIcon;
				ASSETCATALOG_COMPILER_GLOBAL_ACCENT_COLOR_NAME = AccentColor;
				CODE_SIGN_STYLE = Automatic;
				DEVELOPMENT_ASSET_PATHS = "\"Musica/Preview Content\"";
				ENABLE_PREVIEWS = YES;
				INFOPLIST_FILE = Musica/Info.plist;
				IPHONEOS_DEPLOYMENT_TARGET = 14.0;
				LD_RUNPATH_SEARCH_PATHS = (
					"$(inherited)",
					"@executable_path/Frameworks",
				);
				PRODUCT_BUNDLE_IDENTIFIER = com.crownstack.Musica;
				PRODUCT_NAME = "$(TARGET_NAME)";
				SWIFT_VERSION = 5.0;
				TARGETED_DEVICE_FAMILY = "1,2";
			};
			name = Debug;
		};
		717CDE9E26C8BB3B00306CBE /* Release */ = {
			isa = XCBuildConfiguration;
			buildSettings = {
				ASSETCATALOG_COMPILER_APPICON_NAME = AppIcon;
				ASSETCATALOG_COMPILER_GLOBAL_ACCENT_COLOR_NAME = AccentColor;
				CODE_SIGN_STYLE = Automatic;
				DEVELOPMENT_ASSET_PATHS = "\"Musica/Preview Content\"";
				ENABLE_PREVIEWS = YES;
				INFOPLIST_FILE = Musica/Info.plist;
				IPHONEOS_DEPLOYMENT_TARGET = 14.0;
				LD_RUNPATH_SEARCH_PATHS = (
					"$(inherited)",
					"@executable_path/Frameworks",
				);
				PRODUCT_BUNDLE_IDENTIFIER = com.crownstack.Musica;
				PRODUCT_NAME = "$(TARGET_NAME)";
				SWIFT_VERSION = 5.0;
				TARGETED_DEVICE_FAMILY = "1,2";
			};
			name = Release;
		};
		717CDEA026C8BB3B00306CBE /* Debug */ = {
			isa = XCBuildConfiguration;
			buildSettings = {
				ALWAYS_EMBED_SWIFT_STANDARD_LIBRARIES = YES;
				BUNDLE_LOADER = "$(TEST_HOST)";
				CODE_SIGN_STYLE = Automatic;
				INFOPLIST_FILE = MusicaTests/Info.plist;
				IPHONEOS_DEPLOYMENT_TARGET = 14.0;
				LD_RUNPATH_SEARCH_PATHS = (
					"$(inherited)",
					"@executable_path/Frameworks",
					"@loader_path/Frameworks",
				);
				PRODUCT_BUNDLE_IDENTIFIER = com.crownstack.MusicaTests;
				PRODUCT_NAME = "$(TARGET_NAME)";
				SWIFT_VERSION = 5.0;
				TARGETED_DEVICE_FAMILY = "1,2";
				TEST_HOST = "$(BUILT_PRODUCTS_DIR)/Musica.app/Musica";
			};
			name = Debug;
		};
		717CDEA126C8BB3B00306CBE /* Release */ = {
			isa = XCBuildConfiguration;
			buildSettings = {
				ALWAYS_EMBED_SWIFT_STANDARD_LIBRARIES = YES;
				BUNDLE_LOADER = "$(TEST_HOST)";
				CODE_SIGN_STYLE = Automatic;
				INFOPLIST_FILE = MusicaTests/Info.plist;
				IPHONEOS_DEPLOYMENT_TARGET = 14.0;
				LD_RUNPATH_SEARCH_PATHS = (
					"$(inherited)",
					"@executable_path/Frameworks",
					"@loader_path/Frameworks",
				);
				PRODUCT_BUNDLE_IDENTIFIER = com.crownstack.MusicaTests;
				PRODUCT_NAME = "$(TARGET_NAME)";
				SWIFT_VERSION = 5.0;
				TARGETED_DEVICE_FAMILY = "1,2";
				TEST_HOST = "$(BUILT_PRODUCTS_DIR)/Musica.app/Musica";
			};
			name = Release;
		};
		717CDEA326C8BB3B00306CBE /* Debug */ = {
			isa = XCBuildConfiguration;
			buildSettings = {
				ALWAYS_EMBED_SWIFT_STANDARD_LIBRARIES = YES;
				CODE_SIGN_STYLE = Automatic;
				INFOPLIST_FILE = MusicaUITests/Info.plist;
				LD_RUNPATH_SEARCH_PATHS = (
					"$(inherited)",
					"@executable_path/Frameworks",
					"@loader_path/Frameworks",
				);
				PRODUCT_BUNDLE_IDENTIFIER = com.crownstack.MusicaUITests;
				PRODUCT_NAME = "$(TARGET_NAME)";
				SWIFT_VERSION = 5.0;
				TARGETED_DEVICE_FAMILY = "1,2";
				TEST_TARGET_NAME = Musica;
			};
			name = Debug;
		};
		717CDEA426C8BB3B00306CBE /* Release */ = {
			isa = XCBuildConfiguration;
			buildSettings = {
				ALWAYS_EMBED_SWIFT_STANDARD_LIBRARIES = YES;
				CODE_SIGN_STYLE = Automatic;
				INFOPLIST_FILE = MusicaUITests/Info.plist;
				LD_RUNPATH_SEARCH_PATHS = (
					"$(inherited)",
					"@executable_path/Frameworks",
					"@loader_path/Frameworks",
				);
				PRODUCT_BUNDLE_IDENTIFIER = com.crownstack.MusicaUITests;
				PRODUCT_NAME = "$(TARGET_NAME)";
				SWIFT_VERSION = 5.0;
				TARGETED_DEVICE_FAMILY = "1,2";
				TEST_TARGET_NAME = Musica;
			};
			name = Release;
		};
/* End XCBuildConfiguration section */

/* Begin XCConfigurationList section */
		717CDE7226C8BB3500306CBE /* Build configuration list for PBXProject "Musica" */ = {
			isa = XCConfigurationList;
			buildConfigurations = (
				717CDE9A26C8BB3B00306CBE /* Debug */,
				717CDE9B26C8BB3B00306CBE /* Release */,
			);
			defaultConfigurationIsVisible = 0;
			defaultConfigurationName = Release;
		};
		717CDE9C26C8BB3B00306CBE /* Build configuration list for PBXNativeTarget "Musica" */ = {
			isa = XCConfigurationList;
			buildConfigurations = (
				717CDE9D26C8BB3B00306CBE /* Debug */,
				717CDE9E26C8BB3B00306CBE /* Release */,
			);
			defaultConfigurationIsVisible = 0;
			defaultConfigurationName = Release;
		};
		717CDE9F26C8BB3B00306CBE /* Build configuration list for PBXNativeTarget "MusicaTests" */ = {
			isa = XCConfigurationList;
			buildConfigurations = (
				717CDEA026C8BB3B00306CBE /* Debug */,
				717CDEA126C8BB3B00306CBE /* Release */,
			);
			defaultConfigurationIsVisible = 0;
			defaultConfigurationName = Release;
		};
		717CDEA226C8BB3B00306CBE /* Build configuration list for PBXNativeTarget "MusicaUITests" */ = {
			isa = XCConfigurationList;
			buildConfigurations = (
				717CDEA326C8BB3B00306CBE /* Debug */,
				717CDEA426C8BB3B00306CBE /* Release */,
			);
			defaultConfigurationIsVisible = 0;
			defaultConfigurationName = Release;
		};
/* End XCConfigurationList section */
	};
	rootObject = 717CDE6F26C8BB3500306CBE /* Project object */;
}
