// !$*UTF8*$!
{
	archiveVersion = 1;
	classes = {
	};
	objectVersion = 51;
	objects = {

/* Begin PBXBuildFile section */
		535521A278022AA7C8F529D7 /* Pods_Musica_MusicaUITests.framework in Frameworks */ = {isa = PBXBuildFile; fileRef = DA0C2591F5D86C219A794322 /* Pods_Musica_MusicaUITests.framework */; };
		55CA46EC99E340640DE83694 /* Pods_MusicaTests.framework in Frameworks */ = {isa = PBXBuildFile; fileRef = F7682FFFB07945C2876CBFD5 /* Pods_MusicaTests.framework */; };
		6C23DB72D71487161496BB08 /* Pods_Musica.framework in Frameworks */ = {isa = PBXBuildFile; fileRef = 424C9904ACEBAE78E6977BD8 /* Pods_Musica.framework */; };
		7150FF3726E47E13006DCE84 /* StateHandler.swift in Sources */ = {isa = PBXBuildFile; fileRef = 7150FF3626E47E13006DCE84 /* StateHandler.swift */; };
		7150FF3C26E49761006DCE84 /* Constants.swift in Sources */ = {isa = PBXBuildFile; fileRef = 7150FF3B26E49761006DCE84 /* Constants.swift */; };
		7150FF4126E4A1F4006DCE84 /* Loader.swift in Sources */ = {isa = PBXBuildFile; fileRef = 7150FF4026E4A1F4006DCE84 /* Loader.swift */; };
		7150FF4726E4A3DE006DCE84 /* LoadinView.swift in Sources */ = {isa = PBXBuildFile; fileRef = 7150FF4626E4A3DE006DCE84 /* LoadinView.swift */; };
		7163CE8626D9EA2800B4E835 /* UserManager.swift in Sources */ = {isa = PBXBuildFile; fileRef = 7163CE8526D9EA2800B4E835 /* UserManager.swift */; };
		717CDE7B26C8BB3500306CBE /* MusicaApp.swift in Sources */ = {isa = PBXBuildFile; fileRef = 717CDE7A26C8BB3500306CBE /* MusicaApp.swift */; };
		717CDE7D26C8BB3500306CBE /* ContentView.swift in Sources */ = {isa = PBXBuildFile; fileRef = 717CDE7C26C8BB3500306CBE /* ContentView.swift */; };
		717CDE7F26C8BB3A00306CBE /* Assets.xcassets in Resources */ = {isa = PBXBuildFile; fileRef = 717CDE7E26C8BB3A00306CBE /* Assets.xcassets */; };
		717CDE8226C8BB3A00306CBE /* Preview Assets.xcassets in Resources */ = {isa = PBXBuildFile; fileRef = 717CDE8126C8BB3A00306CBE /* Preview Assets.xcassets */; };
		717CDE8D26C8BB3B00306CBE /* MusicaTests.swift in Sources */ = {isa = PBXBuildFile; fileRef = 717CDE8C26C8BB3B00306CBE /* MusicaTests.swift */; };
		717CDE9826C8BB3B00306CBE /* MusicaUITests.swift in Sources */ = {isa = PBXBuildFile; fileRef = 717CDE9726C8BB3B00306CBE /* MusicaUITests.swift */; };
		717CDEAB26C8BBF400306CBE /* Font.swift in Sources */ = {isa = PBXBuildFile; fileRef = 717CDEAA26C8BBF400306CBE /* Font.swift */; };
		717CDEB026C8BDCB00306CBE /* Gilroy-Bold.otf in Resources */ = {isa = PBXBuildFile; fileRef = 717CDEAF26C8BDCB00306CBE /* Gilroy-Bold.otf */; };
		717CDEB526C8BDD700306CBE /* Gilroy-Light.otf in Resources */ = {isa = PBXBuildFile; fileRef = 717CDEB426C8BDD700306CBE /* Gilroy-Light.otf */; };
		717CDEC226C8C18100306CBE /* LoginView.swift in Sources */ = {isa = PBXBuildFile; fileRef = 717CDEC126C8C18100306CBE /* LoginView.swift */; };
		717CDECC26C8C4D300306CBE /* AppColor.swift in Sources */ = {isa = PBXBuildFile; fileRef = 717CDECB26C8C4D300306CBE /* AppColor.swift */; };
		717CDEDA26C8CDDA00306CBE /* GoogleService-Info.plist in Resources */ = {isa = PBXBuildFile; fileRef = 717CDED926C8CDDA00306CBE /* GoogleService-Info.plist */; };
		717CDEDF26C8CE5700306CBE /* LoginVM.swift in Sources */ = {isa = PBXBuildFile; fileRef = 717CDEDE26C8CE5700306CBE /* LoginVM.swift */; };
		717CDEE526C8D71F00306CBE /* HomeView.swift in Sources */ = {isa = PBXBuildFile; fileRef = 717CDEE426C8D71F00306CBE /* HomeView.swift */; };
/* End PBXBuildFile section */

/* Begin PBXContainerItemProxy section */
		717CDE8926C8BB3B00306CBE /* PBXContainerItemProxy */ = {
			isa = PBXContainerItemProxy;
			containerPortal = 717CDE6F26C8BB3500306CBE /* Project object */;
			proxyType = 1;
			remoteGlobalIDString = 717CDE7626C8BB3500306CBE;
			remoteInfo = Musica;
		};
		717CDE9426C8BB3B00306CBE /* PBXContainerItemProxy */ = {
			isa = PBXContainerItemProxy;
			containerPortal = 717CDE6F26C8BB3500306CBE /* Project object */;
			proxyType = 1;
			remoteGlobalIDString = 717CDE7626C8BB3500306CBE;
			remoteInfo = Musica;
		};
/* End PBXContainerItemProxy section */

/* Begin PBXFileReference section */
		424C9904ACEBAE78E6977BD8 /* Pods_Musica.framework */ = {isa = PBXFileReference; explicitFileType = wrapper.framework; includeInIndex = 0; path = Pods_Musica.framework; sourceTree = BUILT_PRODUCTS_DIR; };
		5FB414278C3CA247585821D2 /* Pods-MusicaTests.debug.xcconfig */ = {isa = PBXFileReference; includeInIndex = 1; lastKnownFileType = text.xcconfig; name = "Pods-MusicaTests.debug.xcconfig"; path = "Target Support Files/Pods-MusicaTests/Pods-MusicaTests.debug.xcconfig"; sourceTree = "<group>"; };
		7150FF3626E47E13006DCE84 /* StateHandler.swift */ = {isa = PBXFileReference; lastKnownFileType = sourcecode.swift; path = StateHandler.swift; sourceTree = "<group>"; };
		7150FF3B26E49761006DCE84 /* Constants.swift */ = {isa = PBXFileReference; lastKnownFileType = sourcecode.swift; path = Constants.swift; sourceTree = "<group>"; };
		7150FF4026E4A1F4006DCE84 /* Loader.swift */ = {isa = PBXFileReference; lastKnownFileType = sourcecode.swift; path = Loader.swift; sourceTree = "<group>"; };
		7150FF4626E4A3DE006DCE84 /* LoadinView.swift */ = {isa = PBXFileReference; lastKnownFileType = sourcecode.swift; path = LoadinView.swift; sourceTree = "<group>"; };
		7163CE8526D9EA2800B4E835 /* UserManager.swift */ = {isa = PBXFileReference; lastKnownFileType = sourcecode.swift; path = UserManager.swift; sourceTree = "<group>"; };
		717CDE7726C8BB3500306CBE /* Musica.app */ = {isa = PBXFileReference; explicitFileType = wrapper.application; includeInIndex = 0; path = Musica.app; sourceTree = BUILT_PRODUCTS_DIR; };
		717CDE7A26C8BB3500306CBE /* MusicaApp.swift */ = {isa = PBXFileReference; lastKnownFileType = sourcecode.swift; path = MusicaApp.swift; sourceTree = "<group>"; };
		717CDE7C26C8BB3500306CBE /* ContentView.swift */ = {isa = PBXFileReference; lastKnownFileType = sourcecode.swift; path = ContentView.swift; sourceTree = "<group>"; };
		717CDE7E26C8BB3A00306CBE /* Assets.xcassets */ = {isa = PBXFileReference; lastKnownFileType = folder.assetcatalog; path = Assets.xcassets; sourceTree = "<group>"; };
		717CDE8126C8BB3A00306CBE /* Preview Assets.xcassets */ = {isa = PBXFileReference; lastKnownFileType = folder.assetcatalog; path = "Preview Assets.xcassets"; sourceTree = "<group>"; };
		717CDE8326C8BB3A00306CBE /* Info.plist */ = {isa = PBXFileReference; lastKnownFileType = text.plist.xml; path = Info.plist; sourceTree = "<group>"; };
		717CDE8826C8BB3B00306CBE /* MusicaTests.xctest */ = {isa = PBXFileReference; explicitFileType = wrapper.cfbundle; includeInIndex = 0; path = MusicaTests.xctest; sourceTree = BUILT_PRODUCTS_DIR; };
		717CDE8C26C8BB3B00306CBE /* MusicaTests.swift */ = {isa = PBXFileReference; lastKnownFileType = sourcecode.swift; path = MusicaTests.swift; sourceTree = "<group>"; };
		717CDE8E26C8BB3B00306CBE /* Info.plist */ = {isa = PBXFileReference; lastKnownFileType = text.plist.xml; path = Info.plist; sourceTree = "<group>"; };
		717CDE9326C8BB3B00306CBE /* MusicaUITests.xctest */ = {isa = PBXFileReference; explicitFileType = wrapper.cfbundle; includeInIndex = 0; path = MusicaUITests.xctest; sourceTree = BUILT_PRODUCTS_DIR; };
		717CDE9726C8BB3B00306CBE /* MusicaUITests.swift */ = {isa = PBXFileReference; lastKnownFileType = sourcecode.swift; path = MusicaUITests.swift; sourceTree = "<group>"; };
		717CDE9926C8BB3B00306CBE /* Info.plist */ = {isa = PBXFileReference; lastKnownFileType = text.plist.xml; path = Info.plist; sourceTree = "<group>"; };
		717CDEAA26C8BBF400306CBE /* Font.swift */ = {isa = PBXFileReference; lastKnownFileType = sourcecode.swift; path = Font.swift; sourceTree = "<group>"; };
		717CDEAF26C8BDCB00306CBE /* Gilroy-Bold.otf */ = {isa = PBXFileReference; lastKnownFileType = file; path = "Gilroy-Bold.otf"; sourceTree = "<group>"; };
		717CDEB426C8BDD700306CBE /* Gilroy-Light.otf */ = {isa = PBXFileReference; lastKnownFileType = file; path = "Gilroy-Light.otf"; sourceTree = "<group>"; };
		717CDEC126C8C18100306CBE /* LoginView.swift */ = {isa = PBXFileReference; lastKnownFileType = sourcecode.swift; path = LoginView.swift; sourceTree = "<group>"; };
		717CDECB26C8C4D300306CBE /* AppColor.swift */ = {isa = PBXFileReference; lastKnownFileType = sourcecode.swift; path = AppColor.swift; sourceTree = "<group>"; };
		717CDED926C8CDDA00306CBE /* GoogleService-Info.plist */ = {isa = PBXFileReference; fileEncoding = 4; lastKnownFileType = text.plist.xml; path = "GoogleService-Info.plist"; sourceTree = "<group>"; };
		717CDEDE26C8CE5700306CBE /* LoginVM.swift */ = {isa = PBXFileReference; lastKnownFileType = sourcecode.swift; path = LoginVM.swift; sourceTree = "<group>"; };
		717CDEE426C8D71F00306CBE /* HomeView.swift */ = {isa = PBXFileReference; lastKnownFileType = sourcecode.swift; path = HomeView.swift; sourceTree = "<group>"; };
		7C29C8233CAAC29C64EB7FB0 /* Pods-MusicaTests.release.xcconfig */ = {isa = PBXFileReference; includeInIndex = 1; lastKnownFileType = text.xcconfig; name = "Pods-MusicaTests.release.xcconfig"; path = "Target Support Files/Pods-MusicaTests/Pods-MusicaTests.release.xcconfig"; sourceTree = "<group>"; };
		7F57C35055C1C8AAA5E73CE3 /* Pods-Musica-MusicaUITests.release.xcconfig */ = {isa = PBXFileReference; includeInIndex = 1; lastKnownFileType = text.xcconfig; name = "Pods-Musica-MusicaUITests.release.xcconfig"; path = "Target Support Files/Pods-Musica-MusicaUITests/Pods-Musica-MusicaUITests.release.xcconfig"; sourceTree = "<group>"; };
		ADD004D83177BC672BAE6C40 /* Pods-Musica.debug.xcconfig */ = {isa = PBXFileReference; includeInIndex = 1; lastKnownFileType = text.xcconfig; name = "Pods-Musica.debug.xcconfig"; path = "Target Support Files/Pods-Musica/Pods-Musica.debug.xcconfig"; sourceTree = "<group>"; };
		DA0C2591F5D86C219A794322 /* Pods_Musica_MusicaUITests.framework */ = {isa = PBXFileReference; explicitFileType = wrapper.framework; includeInIndex = 0; path = Pods_Musica_MusicaUITests.framework; sourceTree = BUILT_PRODUCTS_DIR; };
		DAC6D7BB43DB9F5811A37981 /* Pods-Musica.release.xcconfig */ = {isa = PBXFileReference; includeInIndex = 1; lastKnownFileType = text.xcconfig; name = "Pods-Musica.release.xcconfig"; path = "Target Support Files/Pods-Musica/Pods-Musica.release.xcconfig"; sourceTree = "<group>"; };
		F7682FFFB07945C2876CBFD5 /* Pods_MusicaTests.framework */ = {isa = PBXFileReference; explicitFileType = wrapper.framework; includeInIndex = 0; path = Pods_MusicaTests.framework; sourceTree = BUILT_PRODUCTS_DIR; };
		F9F4D4750392AD96FA5A4219 /* Pods-Musica-MusicaUITests.debug.xcconfig */ = {isa = PBXFileReference; includeInIndex = 1; lastKnownFileType = text.xcconfig; name = "Pods-Musica-MusicaUITests.debug.xcconfig"; path = "Target Support Files/Pods-Musica-MusicaUITests/Pods-Musica-MusicaUITests.debug.xcconfig"; sourceTree = "<group>"; };
/* End PBXFileReference section */

/* Begin PBXFrameworksBuildPhase section */
		717CDE7426C8BB3500306CBE /* Frameworks */ = {
			isa = PBXFrameworksBuildPhase;
			buildActionMask = 2147483647;
			files = (
				6C23DB72D71487161496BB08 /* Pods_Musica.framework in Frameworks */,
			);
			runOnlyForDeploymentPostprocessing = 0;
		};
		717CDE8526C8BB3B00306CBE /* Frameworks */ = {
			isa = PBXFrameworksBuildPhase;
			buildActionMask = 2147483647;
			files = (
				55CA46EC99E340640DE83694 /* Pods_MusicaTests.framework in Frameworks */,
			);
			runOnlyForDeploymentPostprocessing = 0;
		};
		717CDE9026C8BB3B00306CBE /* Frameworks */ = {
			isa = PBXFrameworksBuildPhase;
			buildActionMask = 2147483647;
			files = (
				535521A278022AA7C8F529D7 /* Pods_Musica_MusicaUITests.framework in Frameworks */,
			);
			runOnlyForDeploymentPostprocessing = 0;
		};
/* End PBXFrameworksBuildPhase section */

/* Begin PBXGroup section */
		265FDC8106F938A6D2FF68E8 /* Frameworks */ = {
			isa = PBXGroup;
			children = (
				424C9904ACEBAE78E6977BD8 /* Pods_Musica.framework */,
				DA0C2591F5D86C219A794322 /* Pods_Musica_MusicaUITests.framework */,
				F7682FFFB07945C2876CBFD5 /* Pods_MusicaTests.framework */,
			);
			name = Frameworks;
			sourceTree = "<group>";
		};
		7150FF3526E47DF9006DCE84 /* Helpers */ = {
			isa = PBXGroup;
			children = (
				7150FF3626E47E13006DCE84 /* StateHandler.swift */,
				7150FF3B26E49761006DCE84 /* Constants.swift */,
				7150FF4026E4A1F4006DCE84 /* Loader.swift */,
			);
			path = Helpers;
			sourceTree = "<group>";
		};
		7150FF4526E4A3B5006DCE84 /* ReusableViews */ = {
			isa = PBXGroup;
			children = (
				7150FF4626E4A3DE006DCE84 /* LoadinView.swift */,
			);
			path = ReusableViews;
			sourceTree = "<group>";
		};
		717CDE6E26C8BB3500306CBE = {
			isa = PBXGroup;
			children = (
				717CDE7926C8BB3500306CBE /* Musica */,
				717CDE8B26C8BB3B00306CBE /* MusicaTests */,
				717CDE9626C8BB3B00306CBE /* MusicaUITests */,
				717CDE7826C8BB3500306CBE /* Products */,
				92E3FD6429D2C402BC8056E3 /* Pods */,
				265FDC8106F938A6D2FF68E8 /* Frameworks */,
			);
			sourceTree = "<group>";
		};
		717CDE7826C8BB3500306CBE /* Products */ = {
			isa = PBXGroup;
			children = (
				717CDE7726C8BB3500306CBE /* Musica.app */,
				717CDE8826C8BB3B00306CBE /* MusicaTests.xctest */,
				717CDE9326C8BB3B00306CBE /* MusicaUITests.xctest */,
			);
			name = Products;
			sourceTree = "<group>";
		};
		717CDE7926C8BB3500306CBE /* Musica */ = {
			isa = PBXGroup;
			children = (
				7150FF4526E4A3B5006DCE84 /* ReusableViews */,
				7150FF3526E47DF9006DCE84 /* Helpers */,
				717CDEE326C8D6F400306CBE /* Home */,
				717CDEBE26C8C10E00306CBE /* Login */,
				717CDEA826C8BB8300306CBE /* AppManager */,
				717CDE7C26C8BB3500306CBE /* ContentView.swift */,
				717CDE7A26C8BB3500306CBE /* MusicaApp.swift */,
				717CDE8326C8BB3A00306CBE /* Info.plist */,
				717CDED926C8CDDA00306CBE /* GoogleService-Info.plist */,
				717CDE7E26C8BB3A00306CBE /* Assets.xcassets */,
				717CDE8026C8BB3A00306CBE /* Preview Content */,
			);
			path = Musica;
			sourceTree = "<group>";
		};
		717CDE8026C8BB3A00306CBE /* Preview Content */ = {
			isa = PBXGroup;
			children = (
				717CDE8126C8BB3A00306CBE /* Preview Assets.xcassets */,
			);
			path = "Preview Content";
			sourceTree = "<group>";
		};
		717CDE8B26C8BB3B00306CBE /* MusicaTests */ = {
			isa = PBXGroup;
			children = (
				717CDE8C26C8BB3B00306CBE /* MusicaTests.swift */,
				717CDE8E26C8BB3B00306CBE /* Info.plist */,
			);
			path = MusicaTests;
			sourceTree = "<group>";
		};
		717CDE9626C8BB3B00306CBE /* MusicaUITests */ = {
			isa = PBXGroup;
			children = (
				717CDE9726C8BB3B00306CBE /* MusicaUITests.swift */,
				717CDE9926C8BB3B00306CBE /* Info.plist */,
			);
			path = MusicaUITests;
			sourceTree = "<group>";
		};
		717CDEA826C8BB8300306CBE /* AppManager */ = {
			isa = PBXGroup;
			children = (
				717CDECA26C8C4C000306CBE /* AppColor */,
				717CDEA926C8BBCB00306CBE /* AppFonts */,
				7163CE8526D9EA2800B4E835 /* UserManager.swift */,
			);
			path = AppManager;
			sourceTree = "<group>";
		};
		717CDEA926C8BBCB00306CBE /* AppFonts */ = {
			isa = PBXGroup;
			children = (
				717CDEAA26C8BBF400306CBE /* Font.swift */,
				717CDEAF26C8BDCB00306CBE /* Gilroy-Bold.otf */,
				717CDEB426C8BDD700306CBE /* Gilroy-Light.otf */,
			);
			path = AppFonts;
			sourceTree = "<group>";
		};
		717CDEBE26C8C10E00306CBE /* Login */ = {
			isa = PBXGroup;
			children = (
				717CDEC026C8C15900306CBE /* View */,
				717CDEBF26C8C15100306CBE /* ViewModel */,
			);
			path = Login;
			sourceTree = "<group>";
		};
		717CDEBF26C8C15100306CBE /* ViewModel */ = {
			isa = PBXGroup;
			children = (
				717CDEDE26C8CE5700306CBE /* LoginVM.swift */,
			);
			path = ViewModel;
			sourceTree = "<group>";
		};
		717CDEC026C8C15900306CBE /* View */ = {
			isa = PBXGroup;
			children = (
				717CDEC126C8C18100306CBE /* LoginView.swift */,
			);
			path = View;
			sourceTree = "<group>";
		};
		717CDECA26C8C4C000306CBE /* AppColor */ = {
			isa = PBXGroup;
			children = (
				717CDECB26C8C4D300306CBE /* AppColor.swift */,
			);
			path = AppColor;
			sourceTree = "<group>";
		};
		717CDEE326C8D6F400306CBE /* Home */ = {
			isa = PBXGroup;
			children = (
				717CDEE426C8D71F00306CBE /* HomeView.swift */,
			);
			path = Home;
			sourceTree = "<group>";
		};
		92E3FD6429D2C402BC8056E3 /* Pods */ = {
			isa = PBXGroup;
			children = (
				ADD004D83177BC672BAE6C40 /* Pods-Musica.debug.xcconfig */,
				DAC6D7BB43DB9F5811A37981 /* Pods-Musica.release.xcconfig */,
				F9F4D4750392AD96FA5A4219 /* Pods-Musica-MusicaUITests.debug.xcconfig */,
				7F57C35055C1C8AAA5E73CE3 /* Pods-Musica-MusicaUITests.release.xcconfig */,
				5FB414278C3CA247585821D2 /* Pods-MusicaTests.debug.xcconfig */,
				7C29C8233CAAC29C64EB7FB0 /* Pods-MusicaTests.release.xcconfig */,
			);
			path = Pods;
			sourceTree = "<group>";
		};
/* End PBXGroup section */

/* Begin PBXNativeTarget section */
		717CDE7626C8BB3500306CBE /* Musica */ = {
			isa = PBXNativeTarget;
			buildConfigurationList = 717CDE9C26C8BB3B00306CBE /* Build configuration list for PBXNativeTarget "Musica" */;
			buildPhases = (
				1ADE917D96E2D1374A640E73 /* [CP] Check Pods Manifest.lock */,
				717CDE7326C8BB3500306CBE /* Sources */,
				717CDE7426C8BB3500306CBE /* Frameworks */,
				717CDE7526C8BB3500306CBE /* Resources */,
				4B5A3799A1658FFBC44ED22D /* [CP] Embed Pods Frameworks */,
			);
			buildRules = (
			);
			dependencies = (
			);
			name = Musica;
			productName = Musica;
			productReference = 717CDE7726C8BB3500306CBE /* Musica.app */;
			productType = "com.apple.product-type.application";
		};
		717CDE8726C8BB3B00306CBE /* MusicaTests */ = {
			isa = PBXNativeTarget;
			buildConfigurationList = 717CDE9F26C8BB3B00306CBE /* Build configuration list for PBXNativeTarget "MusicaTests" */;
			buildPhases = (
				74AC4F8EEAD160E9E6B78C78 /* [CP] Check Pods Manifest.lock */,
				717CDE8426C8BB3B00306CBE /* Sources */,
				717CDE8526C8BB3B00306CBE /* Frameworks */,
				717CDE8626C8BB3B00306CBE /* Resources */,
			);
			buildRules = (
			);
			dependencies = (
				717CDE8A26C8BB3B00306CBE /* PBXTargetDependency */,
			);
			name = MusicaTests;
			productName = MusicaTests;
			productReference = 717CDE8826C8BB3B00306CBE /* MusicaTests.xctest */;
			productType = "com.apple.product-type.bundle.unit-test";
		};
		717CDE9226C8BB3B00306CBE /* MusicaUITests */ = {
			isa = PBXNativeTarget;
			buildConfigurationList = 717CDEA226C8BB3B00306CBE /* Build configuration list for PBXNativeTarget "MusicaUITests" */;
			buildPhases = (
				2A9E7AA3C25C3EAEC1514934 /* [CP] Check Pods Manifest.lock */,
				717CDE8F26C8BB3B00306CBE /* Sources */,
				717CDE9026C8BB3B00306CBE /* Frameworks */,
				717CDE9126C8BB3B00306CBE /* Resources */,
				55C525811D71DB7B05CF9CD6 /* [CP] Embed Pods Frameworks */,
			);
			buildRules = (
			);
			dependencies = (
				717CDE9526C8BB3B00306CBE /* PBXTargetDependency */,
			);
			name = MusicaUITests;
			productName = MusicaUITests;
			productReference = 717CDE9326C8BB3B00306CBE /* MusicaUITests.xctest */;
			productType = "com.apple.product-type.bundle.ui-testing";
		};
/* End PBXNativeTarget section */

/* Begin PBXProject section */
		717CDE6F26C8BB3500306CBE /* Project object */ = {
			isa = PBXProject;
			attributes = {
				LastSwiftUpdateCheck = 1210;
				LastUpgradeCheck = 1210;
				TargetAttributes = {
					717CDE7626C8BB3500306CBE = {
						CreatedOnToolsVersion = 12.1;
					};
					717CDE8726C8BB3B00306CBE = {
						CreatedOnToolsVersion = 12.1;
						TestTargetID = 717CDE7626C8BB3500306CBE;
					};
					717CDE9226C8BB3B00306CBE = {
						CreatedOnToolsVersion = 12.1;
						TestTargetID = 717CDE7626C8BB3500306CBE;
					};
				};
			};
			buildConfigurationList = 717CDE7226C8BB3500306CBE /* Build configuration list for PBXProject "Musica" */;
			compatibilityVersion = "Xcode 9.3";
			developmentRegion = en;
			hasScannedForEncodings = 0;
			knownRegions = (
				en,
				Base,
			);
			mainGroup = 717CDE6E26C8BB3500306CBE;
			productRefGroup = 717CDE7826C8BB3500306CBE /* Products */;
			projectDirPath = "";
			projectRoot = "";
			targets = (
				717CDE7626C8BB3500306CBE /* Musica */,
				717CDE8726C8BB3B00306CBE /* MusicaTests */,
				717CDE9226C8BB3B00306CBE /* MusicaUITests */,
			);
		};
/* End PBXProject section */

/* Begin PBXResourcesBuildPhase section */
		717CDE7526C8BB3500306CBE /* Resources */ = {
			isa = PBXResourcesBuildPhase;
			buildActionMask = 2147483647;
			files = (
				717CDE8226C8BB3A00306CBE /* Preview Assets.xcassets in Resources */,
				717CDE7F26C8BB3A00306CBE /* Assets.xcassets in Resources */,
				717CDEDA26C8CDDA00306CBE /* GoogleService-Info.plist in Resources */,
				717CDEB526C8BDD700306CBE /* Gilroy-Light.otf in Resources */,
				717CDEB026C8BDCB00306CBE /* Gilroy-Bold.otf in Resources */,
			);
			runOnlyForDeploymentPostprocessing = 0;
		};
		717CDE8626C8BB3B00306CBE /* Resources */ = {
			isa = PBXResourcesBuildPhase;
			buildActionMask = 2147483647;
			files = (
			);
			runOnlyForDeploymentPostprocessing = 0;
		};
		717CDE9126C8BB3B00306CBE /* Resources */ = {
			isa = PBXResourcesBuildPhase;
			buildActionMask = 2147483647;
			files = (
			);
			runOnlyForDeploymentPostprocessing = 0;
		};
/* End PBXResourcesBuildPhase section */

/* Begin PBXShellScriptBuildPhase section */
		1ADE917D96E2D1374A640E73 /* [CP] Check Pods Manifest.lock */ = {
			isa = PBXShellScriptBuildPhase;
			buildActionMask = 2147483647;
			files = (
			);
			inputFileListPaths = (
			);
			inputPaths = (
				"${PODS_PODFILE_DIR_PATH}/Podfile.lock",
				"${PODS_ROOT}/Manifest.lock",
			);
			name = "[CP] Check Pods Manifest.lock";
			outputFileListPaths = (
			);
			outputPaths = (
				"$(DERIVED_FILE_DIR)/Pods-Musica-checkManifestLockResult.txt",
			);
			runOnlyForDeploymentPostprocessing = 0;
			shellPath = /bin/sh;
			shellScript = "diff \"${PODS_PODFILE_DIR_PATH}/Podfile.lock\" \"${PODS_ROOT}/Manifest.lock\" > /dev/null\nif [ $? != 0 ] ; then\n    # print error to STDERR\n    echo \"error: The sandbox is not in sync with the Podfile.lock. Run 'pod install' or update your CocoaPods installation.\" >&2\n    exit 1\nfi\n# This output is used by Xcode 'outputs' to avoid re-running this script phase.\necho \"SUCCESS\" > \"${SCRIPT_OUTPUT_FILE_0}\"\n";
			showEnvVarsInLog = 0;
		};
		2A9E7AA3C25C3EAEC1514934 /* [CP] Check Pods Manifest.lock */ = {
			isa = PBXShellScriptBuildPhase;
			buildActionMask = 2147483647;
			files = (
			);
			inputFileListPaths = (
			);
			inputPaths = (
				"${PODS_PODFILE_DIR_PATH}/Podfile.lock",
				"${PODS_ROOT}/Manifest.lock",
			);
			name = "[CP] Check Pods Manifest.lock";
			outputFileListPaths = (
			);
			outputPaths = (
				"$(DERIVED_FILE_DIR)/Pods-Musica-MusicaUITests-checkManifestLockResult.txt",
			);
			runOnlyForDeploymentPostprocessing = 0;
			shellPath = /bin/sh;
			shellScript = "diff \"${PODS_PODFILE_DIR_PATH}/Podfile.lock\" \"${PODS_ROOT}/Manifest.lock\" > /dev/null\nif [ $? != 0 ] ; then\n    # print error to STDERR\n    echo \"error: The sandbox is not in sync with the Podfile.lock. Run 'pod install' or update your CocoaPods installation.\" >&2\n    exit 1\nfi\n# This output is used by Xcode 'outputs' to avoid re-running this script phase.\necho \"SUCCESS\" > \"${SCRIPT_OUTPUT_FILE_0}\"\n";
			showEnvVarsInLog = 0;
		};
		4B5A3799A1658FFBC44ED22D /* [CP] Embed Pods Frameworks */ = {
			isa = PBXShellScriptBuildPhase;
			buildActionMask = 2147483647;
			files = (
			);
			inputFileListPaths = (
				"${PODS_ROOT}/Target Support Files/Pods-Musica/Pods-Musica-frameworks-${CONFIGURATION}-input-files.xcfilelist",
			);
			name = "[CP] Embed Pods Frameworks";
			outputFileListPaths = (
				"${PODS_ROOT}/Target Support Files/Pods-Musica/Pods-Musica-frameworks-${CONFIGURATION}-output-files.xcfilelist",
			);
			runOnlyForDeploymentPostprocessing = 0;
			shellPath = /bin/sh;
			shellScript = "\"${PODS_ROOT}/Target Support Files/Pods-Musica/Pods-Musica-frameworks.sh\"\n";
			showEnvVarsInLog = 0;
		};
		55C525811D71DB7B05CF9CD6 /* [CP] Embed Pods Frameworks */ = {
			isa = PBXShellScriptBuildPhase;
			buildActionMask = 2147483647;
			files = (
			);
			inputFileListPaths = (
				"${PODS_ROOT}/Target Support Files/Pods-Musica-MusicaUITests/Pods-Musica-MusicaUITests-frameworks-${CONFIGURATION}-input-files.xcfilelist",
			);
			name = "[CP] Embed Pods Frameworks";
			outputFileListPaths = (
				"${PODS_ROOT}/Target Support Files/Pods-Musica-MusicaUITests/Pods-Musica-MusicaUITests-frameworks-${CONFIGURATION}-output-files.xcfilelist",
			);
			runOnlyForDeploymentPostprocessing = 0;
			shellPath = /bin/sh;
			shellScript = "\"${PODS_ROOT}/Target Support Files/Pods-Musica-MusicaUITests/Pods-Musica-MusicaUITests-frameworks.sh\"\n";
			showEnvVarsInLog = 0;
		};
		74AC4F8EEAD160E9E6B78C78 /* [CP] Check Pods Manifest.lock */ = {
			isa = PBXShellScriptBuildPhase;
			buildActionMask = 2147483647;
			files = (
			);
			inputFileListPaths = (
			);
			inputPaths = (
				"${PODS_PODFILE_DIR_PATH}/Podfile.lock",
				"${PODS_ROOT}/Manifest.lock",
			);
			name = "[CP] Check Pods Manifest.lock";
			outputFileListPaths = (
			);
			outputPaths = (
				"$(DERIVED_FILE_DIR)/Pods-MusicaTests-checkManifestLockResult.txt",
			);
			runOnlyForDeploymentPostprocessing = 0;
			shellPath = /bin/sh;
			shellScript = "diff \"${PODS_PODFILE_DIR_PATH}/Podfile.lock\" \"${PODS_ROOT}/Manifest.lock\" > /dev/null\nif [ $? != 0 ] ; then\n    # print error to STDERR\n    echo \"error: The sandbox is not in sync with the Podfile.lock. Run 'pod install' or update your CocoaPods installation.\" >&2\n    exit 1\nfi\n# This output is used by Xcode 'outputs' to avoid re-running this script phase.\necho \"SUCCESS\" > \"${SCRIPT_OUTPUT_FILE_0}\"\n";
			showEnvVarsInLog = 0;
		};
/* End PBXShellScriptBuildPhase section */

/* Begin PBXSourcesBuildPhase section */
		717CDE7326C8BB3500306CBE /* Sources */ = {
			isa = PBXSourcesBuildPhase;
			buildActionMask = 2147483647;
			files = (
				717CDE7D26C8BB3500306CBE /* ContentView.swift in Sources */,
				717CDEE526C8D71F00306CBE /* HomeView.swift in Sources */,
				717CDECC26C8C4D300306CBE /* AppColor.swift in Sources */,
				717CDEDF26C8CE5700306CBE /* LoginVM.swift in Sources */,
				7150FF3726E47E13006DCE84 /* StateHandler.swift in Sources */,
				7150FF4726E4A3DE006DCE84 /* LoadinView.swift in Sources */,
				7150FF3C26E49761006DCE84 /* Constants.swift in Sources */,
				717CDE7B26C8BB3500306CBE /* MusicaApp.swift in Sources */,
				717CDEC226C8C18100306CBE /* LoginView.swift in Sources */,
				7150FF4126E4A1F4006DCE84 /* Loader.swift in Sources */,
				7163CE8626D9EA2800B4E835 /* UserManager.swift in Sources */,
				717CDEAB26C8BBF400306CBE /* Font.swift in Sources */,
			);
			runOnlyForDeploymentPostprocessing = 0;
		};
		717CDE8426C8BB3B00306CBE /* Sources */ = {
			isa = PBXSourcesBuildPhase;
			buildActionMask = 2147483647;
			files = (
				717CDE8D26C8BB3B00306CBE /* MusicaTests.swift in Sources */,
			);
			runOnlyForDeploymentPostprocessing = 0;
		};
		717CDE8F26C8BB3B00306CBE /* Sources */ = {
			isa = PBXSourcesBuildPhase;
			buildActionMask = 2147483647;
			files = (
				717CDE9826C8BB3B00306CBE /* MusicaUITests.swift in Sources */,
			);
			runOnlyForDeploymentPostprocessing = 0;
		};
/* End PBXSourcesBuildPhase section */

/* Begin PBXTargetDependency section */
		717CDE8A26C8BB3B00306CBE /* PBXTargetDependency */ = {
			isa = PBXTargetDependency;
			target = 717CDE7626C8BB3500306CBE /* Musica */;
			targetProxy = 717CDE8926C8BB3B00306CBE /* PBXContainerItemProxy */;
		};
		717CDE9526C8BB3B00306CBE /* PBXTargetDependency */ = {
			isa = PBXTargetDependency;
			target = 717CDE7626C8BB3500306CBE /* Musica */;
			targetProxy = 717CDE9426C8BB3B00306CBE /* PBXContainerItemProxy */;
		};
/* End PBXTargetDependency section */

/* Begin XCBuildConfiguration section */
		717CDE9A26C8BB3B00306CBE /* Debug */ = {
			isa = XCBuildConfiguration;
			buildSettings = {
				ALWAYS_SEARCH_USER_PATHS = NO;
				CLANG_ANALYZER_NONNULL = YES;
				CLANG_ANALYZER_NUMBER_OBJECT_CONVERSION = YES_AGGRESSIVE;
				CLANG_CXX_LANGUAGE_STANDARD = "gnu++14";
				CLANG_CXX_LIBRARY = "libc++";
				CLANG_ENABLE_MODULES = YES;
				CLANG_ENABLE_OBJC_ARC = YES;
				CLANG_ENABLE_OBJC_WEAK = YES;
				CLANG_WARN_BLOCK_CAPTURE_AUTORELEASING = YES;
				CLANG_WARN_BOOL_CONVERSION = YES;
				CLANG_WARN_COMMA = YES;
				CLANG_WARN_CONSTANT_CONVERSION = YES;
				CLANG_WARN_DEPRECATED_OBJC_IMPLEMENTATIONS = YES;
				CLANG_WARN_DIRECT_OBJC_ISA_USAGE = YES_ERROR;
				CLANG_WARN_DOCUMENTATION_COMMENTS = YES;
				CLANG_WARN_EMPTY_BODY = YES;
				CLANG_WARN_ENUM_CONVERSION = YES;
				CLANG_WARN_INFINITE_RECURSION = YES;
				CLANG_WARN_INT_CONVERSION = YES;
				CLANG_WARN_NON_LITERAL_NULL_CONVERSION = YES;
				CLANG_WARN_OBJC_IMPLICIT_RETAIN_SELF = YES;
				CLANG_WARN_OBJC_LITERAL_CONVERSION = YES;
				CLANG_WARN_OBJC_ROOT_CLASS = YES_ERROR;
				CLANG_WARN_QUOTED_INCLUDE_IN_FRAMEWORK_HEADER = YES;
				CLANG_WARN_RANGE_LOOP_ANALYSIS = YES;
				CLANG_WARN_STRICT_PROTOTYPES = YES;
				CLANG_WARN_SUSPICIOUS_MOVE = YES;
				CLANG_WARN_UNGUARDED_AVAILABILITY = YES_AGGRESSIVE;
				CLANG_WARN_UNREACHABLE_CODE = YES;
				CLANG_WARN__DUPLICATE_METHOD_MATCH = YES;
				COPY_PHASE_STRIP = NO;
				DEBUG_INFORMATION_FORMAT = dwarf;
				ENABLE_STRICT_OBJC_MSGSEND = YES;
				ENABLE_TESTABILITY = YES;
				GCC_C_LANGUAGE_STANDARD = gnu11;
				GCC_DYNAMIC_NO_PIC = NO;
				GCC_NO_COMMON_BLOCKS = YES;
				GCC_OPTIMIZATION_LEVEL = 0;
				GCC_PREPROCESSOR_DEFINITIONS = (
					"DEBUG=1",
					"$(inherited)",
				);
				GCC_WARN_64_TO_32_BIT_CONVERSION = YES;
				GCC_WARN_ABOUT_RETURN_TYPE = YES_ERROR;
				GCC_WARN_UNDECLARED_SELECTOR = YES;
				GCC_WARN_UNINITIALIZED_AUTOS = YES_AGGRESSIVE;
				GCC_WARN_UNUSED_FUNCTION = YES;
				GCC_WARN_UNUSED_VARIABLE = YES;
				IPHONEOS_DEPLOYMENT_TARGET = 14.1;
				MTL_ENABLE_DEBUG_INFO = INCLUDE_SOURCE;
				MTL_FAST_MATH = YES;
				ONLY_ACTIVE_ARCH = YES;
				SDKROOT = iphoneos;
				SWIFT_ACTIVE_COMPILATION_CONDITIONS = DEBUG;
				SWIFT_OPTIMIZATION_LEVEL = "-Onone";
			};
			name = Debug;
		};
		717CDE9B26C8BB3B00306CBE /* Release */ = {
			isa = XCBuildConfiguration;
			buildSettings = {
				ALWAYS_SEARCH_USER_PATHS = NO;
				CLANG_ANALYZER_NONNULL = YES;
				CLANG_ANALYZER_NUMBER_OBJECT_CONVERSION = YES_AGGRESSIVE;
				CLANG_CXX_LANGUAGE_STANDARD = "gnu++14";
				CLANG_CXX_LIBRARY = "libc++";
				CLANG_ENABLE_MODULES = YES;
				CLANG_ENABLE_OBJC_ARC = YES;
				CLANG_ENABLE_OBJC_WEAK = YES;
				CLANG_WARN_BLOCK_CAPTURE_AUTORELEASING = YES;
				CLANG_WARN_BOOL_CONVERSION = YES;
				CLANG_WARN_COMMA = YES;
				CLANG_WARN_CONSTANT_CONVERSION = YES;
				CLANG_WARN_DEPRECATED_OBJC_IMPLEMENTATIONS = YES;
				CLANG_WARN_DIRECT_OBJC_ISA_USAGE = YES_ERROR;
				CLANG_WARN_DOCUMENTATION_COMMENTS = YES;
				CLANG_WARN_EMPTY_BODY = YES;
				CLANG_WARN_ENUM_CONVERSION = YES;
				CLANG_WARN_INFINITE_RECURSION = YES;
				CLANG_WARN_INT_CONVERSION = YES;
				CLANG_WARN_NON_LITERAL_NULL_CONVERSION = YES;
				CLANG_WARN_OBJC_IMPLICIT_RETAIN_SELF = YES;
				CLANG_WARN_OBJC_LITERAL_CONVERSION = YES;
				CLANG_WARN_OBJC_ROOT_CLASS = YES_ERROR;
				CLANG_WARN_QUOTED_INCLUDE_IN_FRAMEWORK_HEADER = YES;
				CLANG_WARN_RANGE_LOOP_ANALYSIS = YES;
				CLANG_WARN_STRICT_PROTOTYPES = YES;
				CLANG_WARN_SUSPICIOUS_MOVE = YES;
				CLANG_WARN_UNGUARDED_AVAILABILITY = YES_AGGRESSIVE;
				CLANG_WARN_UNREACHABLE_CODE = YES;
				CLANG_WARN__DUPLICATE_METHOD_MATCH = YES;
				COPY_PHASE_STRIP = NO;
				DEBUG_INFORMATION_FORMAT = "dwarf-with-dsym";
				ENABLE_NS_ASSERTIONS = NO;
				ENABLE_STRICT_OBJC_MSGSEND = YES;
				GCC_C_LANGUAGE_STANDARD = gnu11;
				GCC_NO_COMMON_BLOCKS = YES;
				GCC_WARN_64_TO_32_BIT_CONVERSION = YES;
				GCC_WARN_ABOUT_RETURN_TYPE = YES_ERROR;
				GCC_WARN_UNDECLARED_SELECTOR = YES;
				GCC_WARN_UNINITIALIZED_AUTOS = YES_AGGRESSIVE;
				GCC_WARN_UNUSED_FUNCTION = YES;
				GCC_WARN_UNUSED_VARIABLE = YES;
				IPHONEOS_DEPLOYMENT_TARGET = 14.1;
				MTL_ENABLE_DEBUG_INFO = NO;
				MTL_FAST_MATH = YES;
				SDKROOT = iphoneos;
				SWIFT_COMPILATION_MODE = wholemodule;
				SWIFT_OPTIMIZATION_LEVEL = "-O";
				VALIDATE_PRODUCT = YES;
			};
			name = Release;
		};
		717CDE9D26C8BB3B00306CBE /* Debug */ = {
			isa = XCBuildConfiguration;
			baseConfigurationReference = ADD004D83177BC672BAE6C40 /* Pods-Musica.debug.xcconfig */;
			buildSettings = {
				ASSETCATALOG_COMPILER_APPICON_NAME = AppIcon;
				ASSETCATALOG_COMPILER_GLOBAL_ACCENT_COLOR_NAME = AccentColor;
				CODE_SIGN_STYLE = Automatic;
				DEVELOPMENT_ASSET_PATHS = "\"Musica/Preview Content\"";
				ENABLE_PREVIEWS = YES;
				INFOPLIST_FILE = Musica/Info.plist;
				IPHONEOS_DEPLOYMENT_TARGET = 14.0;
				LD_RUNPATH_SEARCH_PATHS = (
					"$(inherited)",
					"@executable_path/Frameworks",
				);
				PRODUCT_BUNDLE_IDENTIFIER = com.crownstack.Musica;
				PRODUCT_NAME = "$(TARGET_NAME)";
				SWIFT_VERSION = 5.0;
				TARGETED_DEVICE_FAMILY = "1,2";
			};
			name = Debug;
		};
		717CDE9E26C8BB3B00306CBE /* Release */ = {
			isa = XCBuildConfiguration;
			baseConfigurationReference = DAC6D7BB43DB9F5811A37981 /* Pods-Musica.release.xcconfig */;
			buildSettings = {
				ASSETCATALOG_COMPILER_APPICON_NAME = AppIcon;
				ASSETCATALOG_COMPILER_GLOBAL_ACCENT_COLOR_NAME = AccentColor;
				CODE_SIGN_STYLE = Automatic;
				DEVELOPMENT_ASSET_PATHS = "\"Musica/Preview Content\"";
				ENABLE_PREVIEWS = YES;
				INFOPLIST_FILE = Musica/Info.plist;
				IPHONEOS_DEPLOYMENT_TARGET = 14.0;
				LD_RUNPATH_SEARCH_PATHS = (
					"$(inherited)",
					"@executable_path/Frameworks",
				);
				PRODUCT_BUNDLE_IDENTIFIER = com.crownstack.Musica;
				PRODUCT_NAME = "$(TARGET_NAME)";
				SWIFT_VERSION = 5.0;
				TARGETED_DEVICE_FAMILY = "1,2";
			};
			name = Release;
		};
		717CDEA026C8BB3B00306CBE /* Debug */ = {
			isa = XCBuildConfiguration;
			baseConfigurationReference = 5FB414278C3CA247585821D2 /* Pods-MusicaTests.debug.xcconfig */;
			buildSettings = {
				ALWAYS_EMBED_SWIFT_STANDARD_LIBRARIES = YES;
				BUNDLE_LOADER = "$(TEST_HOST)";
				CODE_SIGN_STYLE = Automatic;
				INFOPLIST_FILE = MusicaTests/Info.plist;
				IPHONEOS_DEPLOYMENT_TARGET = 14.0;
				LD_RUNPATH_SEARCH_PATHS = (
					"$(inherited)",
					"@executable_path/Frameworks",
					"@loader_path/Frameworks",
				);
				PRODUCT_BUNDLE_IDENTIFIER = com.crownstack.MusicaTests;
				PRODUCT_NAME = "$(TARGET_NAME)";
				SWIFT_VERSION = 5.0;
				TARGETED_DEVICE_FAMILY = "1,2";
				TEST_HOST = "$(BUILT_PRODUCTS_DIR)/Musica.app/Musica";
			};
			name = Debug;
		};
		717CDEA126C8BB3B00306CBE /* Release */ = {
			isa = XCBuildConfiguration;
			baseConfigurationReference = 7C29C8233CAAC29C64EB7FB0 /* Pods-MusicaTests.release.xcconfig */;
			buildSettings = {
				ALWAYS_EMBED_SWIFT_STANDARD_LIBRARIES = YES;
				BUNDLE_LOADER = "$(TEST_HOST)";
				CODE_SIGN_STYLE = Automatic;
				INFOPLIST_FILE = MusicaTests/Info.plist;
				IPHONEOS_DEPLOYMENT_TARGET = 14.0;
				LD_RUNPATH_SEARCH_PATHS = (
					"$(inherited)",
					"@executable_path/Frameworks",
					"@loader_path/Frameworks",
				);
				PRODUCT_BUNDLE_IDENTIFIER = com.crownstack.MusicaTests;
				PRODUCT_NAME = "$(TARGET_NAME)";
				SWIFT_VERSION = 5.0;
				TARGETED_DEVICE_FAMILY = "1,2";
				TEST_HOST = "$(BUILT_PRODUCTS_DIR)/Musica.app/Musica";
			};
			name = Release;
		};
		717CDEA326C8BB3B00306CBE /* Debug */ = {
			isa = XCBuildConfiguration;
			baseConfigurationReference = F9F4D4750392AD96FA5A4219 /* Pods-Musica-MusicaUITests.debug.xcconfig */;
			buildSettings = {
				ALWAYS_EMBED_SWIFT_STANDARD_LIBRARIES = YES;
				CODE_SIGN_STYLE = Automatic;
				INFOPLIST_FILE = MusicaUITests/Info.plist;
				LD_RUNPATH_SEARCH_PATHS = (
					"$(inherited)",
					"@executable_path/Frameworks",
					"@loader_path/Frameworks",
				);
				PRODUCT_BUNDLE_IDENTIFIER = com.crownstack.MusicaUITests;
				PRODUCT_NAME = "$(TARGET_NAME)";
				SWIFT_VERSION = 5.0;
				TARGETED_DEVICE_FAMILY = "1,2";
				TEST_TARGET_NAME = Musica;
			};
			name = Debug;
		};
		717CDEA426C8BB3B00306CBE /* Release */ = {
			isa = XCBuildConfiguration;
			baseConfigurationReference = 7F57C35055C1C8AAA5E73CE3 /* Pods-Musica-MusicaUITests.release.xcconfig */;
			buildSettings = {
				ALWAYS_EMBED_SWIFT_STANDARD_LIBRARIES = YES;
				CODE_SIGN_STYLE = Automatic;
				INFOPLIST_FILE = MusicaUITests/Info.plist;
				LD_RUNPATH_SEARCH_PATHS = (
					"$(inherited)",
					"@executable_path/Frameworks",
					"@loader_path/Frameworks",
				);
				PRODUCT_BUNDLE_IDENTIFIER = com.crownstack.MusicaUITests;
				PRODUCT_NAME = "$(TARGET_NAME)";
				SWIFT_VERSION = 5.0;
				TARGETED_DEVICE_FAMILY = "1,2";
				TEST_TARGET_NAME = Musica;
			};
			name = Release;
		};
/* End XCBuildConfiguration section */

/* Begin XCConfigurationList section */
		717CDE7226C8BB3500306CBE /* Build configuration list for PBXProject "Musica" */ = {
			isa = XCConfigurationList;
			buildConfigurations = (
				717CDE9A26C8BB3B00306CBE /* Debug */,
				717CDE9B26C8BB3B00306CBE /* Release */,
			);
			defaultConfigurationIsVisible = 0;
			defaultConfigurationName = Release;
		};
		717CDE9C26C8BB3B00306CBE /* Build configuration list for PBXNativeTarget "Musica" */ = {
			isa = XCConfigurationList;
			buildConfigurations = (
				717CDE9D26C8BB3B00306CBE /* Debug */,
				717CDE9E26C8BB3B00306CBE /* Release */,
			);
			defaultConfigurationIsVisible = 0;
			defaultConfigurationName = Release;
		};
		717CDE9F26C8BB3B00306CBE /* Build configuration list for PBXNativeTarget "MusicaTests" */ = {
			isa = XCConfigurationList;
			buildConfigurations = (
				717CDEA026C8BB3B00306CBE /* Debug */,
				717CDEA126C8BB3B00306CBE /* Release */,
			);
			defaultConfigurationIsVisible = 0;
			defaultConfigurationName = Release;
		};
		717CDEA226C8BB3B00306CBE /* Build configuration list for PBXNativeTarget "MusicaUITests" */ = {
			isa = XCConfigurationList;
			buildConfigurations = (
				717CDEA326C8BB3B00306CBE /* Debug */,
				717CDEA426C8BB3B00306CBE /* Release */,
			);
			defaultConfigurationIsVisible = 0;
			defaultConfigurationName = Release;
		};
/* End XCConfigurationList section */
	};
	rootObject = 717CDE6F26C8BB3500306CBE /* Project object */;
}
